
Microsoft Visual Studio Solution File, Format Version 12.00
# Visual Studio Version 17
VisualStudioVersion = 17.5.002.0
MinimumVisualStudioVersion = 10.0.40219.1
Project("{9A19103F-16F7-4668-BE54-9A1E7A4F7556}") = "ex12", "ex12.csproj", "{68FB760F-3C43-4A5E-85A6-DD53C32BE806}"
EndProject
Global
	GlobalSection(SolutionConfigurationPlatforms) = preSolution
		Debug|Any CPU = Debug|Any CPU
		Release|Any CPU = Release|Any CPU
	EndGlobalSection
	GlobalSection(ProjectConfigurationPlatforms) = postSolution
		{68FB760F-3C43-4A5E-85A6-DD53C32BE806}.Debug|Any CPU.ActiveCfg = Debug|Any CPU
		{68FB760F-3C43-4A5E-85A6-DD53C32BE806}.Debug|Any CPU.Build.0 = Debug|Any CPU
		{68FB760F-3C43-4A5E-85A6-DD53C32BE806}.Release|Any CPU.ActiveCfg = Release|Any CPU
		{68FB760F-3C43-4A5E-85A6-DD53C32BE806}.Release|Any CPU.Build.0 = Release|Any CPU
	EndGlobalSection
	GlobalSection(SolutionProperties) = preSolution
		HideSolutionNode = FALSE
	EndGlobalSection
	GlobalSection(ExtensibilityGlobals) = postSolution
		SolutionGuid = {C27ADA4C-66D4-4A1C-B637-51E2D5B71F15}
	EndGlobalSection
EndGlobal
